
Microsoft Visual Studio Solution File, Format Version 12.00
# Visual Studio Version 17
VisualStudioVersion = 17.13.35828.75 d17.13
MinimumVisualStudioVersion = 10.0.40219.1
Project("{FAE04EC0-301F-11D3-BF4B-00C04F79EFBC}") = "Herança", "HerançaPolimorfismo\Herança.csproj", "{F25749AE-8EB3-4ACE-BAA8-CBE3C68EE0C3}"
EndProject
Global
	GlobalSection(SolutionConfigurationPlatforms) = preSolution
		Debug|Any CPU = Debug|Any CPU
		Release|Any CPU = Release|Any CPU
	EndGlobalSection
	GlobalSection(ProjectConfigurationPlatforms) = postSolution
		{F25749AE-8EB3-4ACE-BAA8-CBE3C68EE0C3}.Debug|Any CPU.ActiveCfg = Debug|Any CPU
		{F25749AE-8EB3-4ACE-BAA8-CBE3C68EE0C3}.Debug|Any CPU.Build.0 = Debug|Any CPU
		{F25749AE-8EB3-4ACE-BAA8-CBE3C68EE0C3}.Release|Any CPU.ActiveCfg = Release|Any CPU
		{F25749AE-8EB3-4ACE-BAA8-CBE3C68EE0C3}.Release|Any CPU.Build.0 = Release|Any CPU
	EndGlobalSection
	GlobalSection(SolutionProperties) = preSolution
		HideSolutionNode = FALSE
	EndGlobalSection
	GlobalSection(ExtensibilityGlobals) = postSolution
		SolutionGuid = {88EFA165-A680-430B-A602-1E3214DBB43A}
	EndGlobalSection
EndGlobal
