
Microsoft Visual Studio Solution File, Format Version 12.00
# Visual Studio Version 17
VisualStudioVersion = 17.13.35828.75
MinimumVisualStudioVersion = 10.0.40219.1
Project("{FAE04EC0-301F-11D3-BF4B-00C04F79EFBC}") = "Herança", "HerançaPolimorfismo\Herança.csproj", "{F25749AE-8EB3-4ACE-BAA8-CBE3C68EE0C3}"
EndProject
Project("{FAE04EC0-301F-11D3-BF4B-00C04F79EFBC}") = "Upcasting&Downcasting", "Upcasting&Downcasting\Upcasting&Downcasting.csproj", "{D8084109-7C22-4F29-A42E-DCA52238A9CD}"
EndProject
Project("{FAE04EC0-301F-11D3-BF4B-00C04F79EFBC}") = "Sobreposicao_Virtuan&Overide", "Sobreposicao_Virtuan&Overide\Sobreposicao_Virtuan&Overide.csproj", "{257CE16D-FCCA-40AE-BE7F-95814D2ED0A1}"
EndProject
Project("{FAE04EC0-301F-11D3-BF4B-00C04F79EFBC}") = "ExercicioResolvido", "ExercicioResolvido\ExercicioResolvido.csproj", "{7989D033-2AC0-4F27-B2FA-0903D17766AD}"
EndProject
Project("{FAE04EC0-301F-11D3-BF4B-00C04F79EFBC}") = "ExercicioFixacao", "ExercicioFixacao\ExercicioFixacao.csproj", "{7F142528-D051-46D0-981B-5B836091A186}"
EndProject
Project("{FAE04EC0-301F-11D3-BF4B-00C04F79EFBC}") = "ClasseMetodosAbstrata", "ClasseAbstrata\ClasseMetodosAbstrata.csproj", "{17779658-5493-4022-A373-88C54ACFF02E}"
EndProject
Project("{FAE04EC0-301F-11D3-BF4B-00C04F79EFBC}") = "ExercicioResolvidoMetodosAbstratos", "ExercicioResolvidoMetodosAbstratos\ExercicioResolvidoMetodosAbstratos.csproj", "{C8764E46-9907-4DB1-A2BD-D10F0B5E2670}"
EndProject
Global
	GlobalSection(SolutionConfigurationPlatforms) = preSolution
		Debug|Any CPU = Debug|Any CPU
		Release|Any CPU = Release|Any CPU
	EndGlobalSection
	GlobalSection(ProjectConfigurationPlatforms) = postSolution
		{F25749AE-8EB3-4ACE-BAA8-CBE3C68EE0C3}.Debug|Any CPU.ActiveCfg = Debug|Any CPU
		{F25749AE-8EB3-4ACE-BAA8-CBE3C68EE0C3}.Debug|Any CPU.Build.0 = Debug|Any CPU
		{F25749AE-8EB3-4ACE-BAA8-CBE3C68EE0C3}.Release|Any CPU.ActiveCfg = Release|Any CPU
		{F25749AE-8EB3-4ACE-BAA8-CBE3C68EE0C3}.Release|Any CPU.Build.0 = Release|Any CPU
		{D8084109-7C22-4F29-A42E-DCA52238A9CD}.Debug|Any CPU.ActiveCfg = Debug|Any CPU
		{D8084109-7C22-4F29-A42E-DCA52238A9CD}.Debug|Any CPU.Build.0 = Debug|Any CPU
		{D8084109-7C22-4F29-A42E-DCA52238A9CD}.Release|Any CPU.ActiveCfg = Release|Any CPU
		{D8084109-7C22-4F29-A42E-DCA52238A9CD}.Release|Any CPU.Build.0 = Release|Any CPU
		{257CE16D-FCCA-40AE-BE7F-95814D2ED0A1}.Debug|Any CPU.ActiveCfg = Debug|Any CPU
		{257CE16D-FCCA-40AE-BE7F-95814D2ED0A1}.Debug|Any CPU.Build.0 = Debug|Any CPU
		{257CE16D-FCCA-40AE-BE7F-95814D2ED0A1}.Release|Any CPU.ActiveCfg = Release|Any CPU
		{257CE16D-FCCA-40AE-BE7F-95814D2ED0A1}.Release|Any CPU.Build.0 = Release|Any CPU
		{7989D033-2AC0-4F27-B2FA-0903D17766AD}.Debug|Any CPU.ActiveCfg = Debug|Any CPU
		{7989D033-2AC0-4F27-B2FA-0903D17766AD}.Debug|Any CPU.Build.0 = Debug|Any CPU
		{7989D033-2AC0-4F27-B2FA-0903D17766AD}.Release|Any CPU.ActiveCfg = Release|Any CPU
		{7989D033-2AC0-4F27-B2FA-0903D17766AD}.Release|Any CPU.Build.0 = Release|Any CPU
		{7F142528-D051-46D0-981B-5B836091A186}.Debug|Any CPU.ActiveCfg = Debug|Any CPU
		{7F142528-D051-46D0-981B-5B836091A186}.Debug|Any CPU.Build.0 = Debug|Any CPU
		{7F142528-D051-46D0-981B-5B836091A186}.Release|Any CPU.ActiveCfg = Release|Any CPU
		{7F142528-D051-46D0-981B-5B836091A186}.Release|Any CPU.Build.0 = Release|Any CPU
		{17779658-5493-4022-A373-88C54ACFF02E}.Debug|Any CPU.ActiveCfg = Debug|Any CPU
		{17779658-5493-4022-A373-88C54ACFF02E}.Debug|Any CPU.Build.0 = Debug|Any CPU
		{17779658-5493-4022-A373-88C54ACFF02E}.Release|Any CPU.ActiveCfg = Release|Any CPU
		{17779658-5493-4022-A373-88C54ACFF02E}.Release|Any CPU.Build.0 = Release|Any CPU
		{C8764E46-9907-4DB1-A2BD-D10F0B5E2670}.Debug|Any CPU.ActiveCfg = Debug|Any CPU
		{C8764E46-9907-4DB1-A2BD-D10F0B5E2670}.Debug|Any CPU.Build.0 = Debug|Any CPU
		{C8764E46-9907-4DB1-A2BD-D10F0B5E2670}.Release|Any CPU.ActiveCfg = Release|Any CPU
		{C8764E46-9907-4DB1-A2BD-D10F0B5E2670}.Release|Any CPU.Build.0 = Release|Any CPU
	EndGlobalSection
	GlobalSection(SolutionProperties) = preSolution
		HideSolutionNode = FALSE
	EndGlobalSection
	GlobalSection(ExtensibilityGlobals) = postSolution
		SolutionGuid = {88EFA165-A680-430B-A602-1E3214DBB43A}
	EndGlobalSection
EndGlobal
